
Microsoft Visual Studio Solution File, Format Version 12.00
# Visual Studio Version 16
VisualStudioVersion = 16.0.30523.141
MinimumVisualStudioVersion = 10.0.40219.1
Project("{FAE04EC0-301F-11D3-BF4B-00C04F79EFBC}") = "LaoKeyboardOverlay", "LaoKeyboardOverlay\LaoKeyboardOverlay.csproj", "{0C0BEBA2-441B-4A18-AB7E-F06BA34DA02B}"
EndProject
Global
	GlobalSection(SolutionConfigurationPlatforms) = preSolution
		Debug|Any CPU = Debug|Any CPU
		Release|Any CPU = Release|Any CPU
	EndGlobalSection
	GlobalSection(ProjectConfigurationPlatforms) = postSolution
		{0C0BEBA2-441B-4A18-AB7E-F06BA34DA02B}.Debug|Any CPU.ActiveCfg = Debug|Any CPU
		{0C0BEBA2-441B-4A18-AB7E-F06BA34DA02B}.Debug|Any CPU.Build.0 = Debug|Any CPU
		{0C0BEBA2-441B-4A18-AB7E-F06BA34DA02B}.Release|Any CPU.ActiveCfg = Release|Any CPU
		{0C0BEBA2-441B-4A18-AB7E-F06BA34DA02B}.Release|Any CPU.Build.0 = Release|Any CPU
	EndGlobalSection
	GlobalSection(SolutionProperties) = preSolution
		HideSolutionNode = FALSE
	EndGlobalSection
	GlobalSection(ExtensibilityGlobals) = postSolution
		SolutionGuid = {61935E8B-D74B-47A8-816F-7FE9F48F26DF}
	EndGlobalSection
EndGlobal
